
Microsoft Visual Studio Solution File, Format Version 12.00
# Visual Studio Version 16
VisualStudioVersion = 16.0.30104.148
MinimumVisualStudioVersion = 10.0.40219.1
Project("{9A19103F-16F7-4668-BE54-9A1E7A4F7556}") = "EvilDICOM", "EvilDICOM\EvilDICOM\EvilDICOM.csproj", "{B200552F-5347-4A62-99BF-AD772D82057C}"
EndProject
Project("{9A19103F-16F7-4668-BE54-9A1E7A4F7556}") = "DicomFinder", "DicomFinder\DicomFinder.csproj", "{4D632993-8F5B-44AF-8DC1-AB238CA89F3B}"
EndProject
Global
	GlobalSection(SolutionConfigurationPlatforms) = preSolution
		Debug|Any CPU = Debug|Any CPU
		Release|Any CPU = Release|Any CPU
	EndGlobalSection
	GlobalSection(ProjectConfigurationPlatforms) = postSolution
		{B200552F-5347-4A62-99BF-AD772D82057C}.Debug|Any CPU.ActiveCfg = Debug|Any CPU
		{B200552F-5347-4A62-99BF-AD772D82057C}.Debug|Any CPU.Build.0 = Debug|Any CPU
		{B200552F-5347-4A62-99BF-AD772D82057C}.Release|Any CPU.ActiveCfg = Release|Any CPU
		{B200552F-5347-4A62-99BF-AD772D82057C}.Release|Any CPU.Build.0 = Release|Any CPU
		{4D632993-8F5B-44AF-8DC1-AB238CA89F3B}.Debug|Any CPU.ActiveCfg = Debug|Any CPU
		{4D632993-8F5B-44AF-8DC1-AB238CA89F3B}.Debug|Any CPU.Build.0 = Debug|Any CPU
		{4D632993-8F5B-44AF-8DC1-AB238CA89F3B}.Release|Any CPU.ActiveCfg = Release|Any CPU
		{4D632993-8F5B-44AF-8DC1-AB238CA89F3B}.Release|Any CPU.Build.0 = Release|Any CPU
	EndGlobalSection
	GlobalSection(SolutionProperties) = preSolution
		HideSolutionNode = FALSE
	EndGlobalSection
	GlobalSection(ExtensibilityGlobals) = postSolution
		SolutionGuid = {43C735D8-6867-408C-A33A-FB8CF87B56D6}
	EndGlobalSection
EndGlobal
